
Microsoft Visual Studio Solution File, Format Version 12.00
# Visual Studio Version 17
VisualStudioVersion = 17.2.32526.322
MinimumVisualStudioVersion = 10.0.40219.1
Project("{9A19103F-16F7-4668-BE54-9A1E7A4F7556}") = "FoxBeTestA.Api", "FoxBeTestA.Api\FoxBeTestA.Api.csproj", "{C2197F9D-9C1B-45FE-AD94-F61FF4AEC931}"
EndProject
Project("{9A19103F-16F7-4668-BE54-9A1E7A4F7556}") = "FoxBeTestA.DAL", "FoxBeTestA.DAL\FoxBeTestA.DAL.csproj", "{61F60B37-1242-46F3-B387-2DA6B889EFAF}"
EndProject
Project("{9A19103F-16F7-4668-BE54-9A1E7A4F7556}") = "FoxBeTestA.Application", "FoxBeTestA.Application\FoxBeTestA.Application.csproj", "{5AB60D4F-15CB-4DEE-9B09-5B0188BBDAFA}"
EndProject
Project("{E53339B2-1760-4266-BCC7-CA923CBCF16C}") = "docker-compose", "docker-compose.dcproj", "{2254BC71-7ECB-49BA-A0C8-D62AC8344D05}"
EndProject
Project("{2150E333-8FDC-42A3-9474-1A3956D46DE8}") = "Tests", "Tests", "{F18F1FFD-EE58-4C62-8E28-49F6F98DA4C8}"
EndProject
Project("{FAE04EC0-301F-11D3-BF4B-00C04F79EFBC}") = "FoxBeTestA.Integration.Tests", "..\FoxBeTestA.Integration.Tests\FoxBeTestA.Integration.Tests.csproj", "{C02A09E5-919D-44BD-80F5-6B60BDD84E7E}"
EndProject
Global
	GlobalSection(SolutionConfigurationPlatforms) = preSolution
		Debug|Any CPU = Debug|Any CPU
		Release|Any CPU = Release|Any CPU
	EndGlobalSection
	GlobalSection(ProjectConfigurationPlatforms) = postSolution
		{C2197F9D-9C1B-45FE-AD94-F61FF4AEC931}.Debug|Any CPU.ActiveCfg = Debug|Any CPU
		{C2197F9D-9C1B-45FE-AD94-F61FF4AEC931}.Debug|Any CPU.Build.0 = Debug|Any CPU
		{C2197F9D-9C1B-45FE-AD94-F61FF4AEC931}.Release|Any CPU.ActiveCfg = Release|Any CPU
		{C2197F9D-9C1B-45FE-AD94-F61FF4AEC931}.Release|Any CPU.Build.0 = Release|Any CPU
		{61F60B37-1242-46F3-B387-2DA6B889EFAF}.Debug|Any CPU.ActiveCfg = Debug|Any CPU
		{61F60B37-1242-46F3-B387-2DA6B889EFAF}.Debug|Any CPU.Build.0 = Debug|Any CPU
		{61F60B37-1242-46F3-B387-2DA6B889EFAF}.Release|Any CPU.ActiveCfg = Release|Any CPU
		{61F60B37-1242-46F3-B387-2DA6B889EFAF}.Release|Any CPU.Build.0 = Release|Any CPU
		{5AB60D4F-15CB-4DEE-9B09-5B0188BBDAFA}.Debug|Any CPU.ActiveCfg = Debug|Any CPU
		{5AB60D4F-15CB-4DEE-9B09-5B0188BBDAFA}.Debug|Any CPU.Build.0 = Debug|Any CPU
		{5AB60D4F-15CB-4DEE-9B09-5B0188BBDAFA}.Release|Any CPU.ActiveCfg = Release|Any CPU
		{5AB60D4F-15CB-4DEE-9B09-5B0188BBDAFA}.Release|Any CPU.Build.0 = Release|Any CPU
		{2254BC71-7ECB-49BA-A0C8-D62AC8344D05}.Debug|Any CPU.ActiveCfg = Debug|Any CPU
		{2254BC71-7ECB-49BA-A0C8-D62AC8344D05}.Debug|Any CPU.Build.0 = Debug|Any CPU
		{2254BC71-7ECB-49BA-A0C8-D62AC8344D05}.Release|Any CPU.ActiveCfg = Release|Any CPU
		{2254BC71-7ECB-49BA-A0C8-D62AC8344D05}.Release|Any CPU.Build.0 = Release|Any CPU
		{C02A09E5-919D-44BD-80F5-6B60BDD84E7E}.Debug|Any CPU.ActiveCfg = Debug|Any CPU
		{C02A09E5-919D-44BD-80F5-6B60BDD84E7E}.Debug|Any CPU.Build.0 = Debug|Any CPU
		{C02A09E5-919D-44BD-80F5-6B60BDD84E7E}.Release|Any CPU.ActiveCfg = Release|Any CPU
		{C02A09E5-919D-44BD-80F5-6B60BDD84E7E}.Release|Any CPU.Build.0 = Release|Any CPU
	EndGlobalSection
	GlobalSection(SolutionProperties) = preSolution
		HideSolutionNode = FALSE
	EndGlobalSection
	GlobalSection(NestedProjects) = preSolution
		{C02A09E5-919D-44BD-80F5-6B60BDD84E7E} = {F18F1FFD-EE58-4C62-8E28-49F6F98DA4C8}
	EndGlobalSection
	GlobalSection(ExtensibilityGlobals) = postSolution
		SolutionGuid = {C09FF3C9-6B23-4F83-8772-909DF1C41D23}
	EndGlobalSection
EndGlobal
